// !$*UTF8*$!
{
	archiveVersion = 1;
	classes = {
	};
	objectVersion = 52;
	objects = {

/* Begin PBXBuildFile section */
		460408A425AD7E5D007C618C /* MessageCell.swift in Sources */ = {isa = PBXBuildFile; fileRef = 460408A225AD7E5D007C618C /* MessageCell.swift */; };
		460408A525AD7E5D007C618C /* MessageCell.xib in Resources */ = {isa = PBXBuildFile; fileRef = 460408A325AD7E5D007C618C /* MessageCell.xib */; };
		460408A925AD7FB0007C618C /* MapoGoldenPier.ttf in Resources */ = {isa = PBXBuildFile; fileRef = 460408A825AD7FB0007C618C /* MapoGoldenPier.ttf */; };
		460B69F225B58440008EEE77 /* ShowSaveDataViewController.swift in Sources */ = {isa = PBXBuildFile; fileRef = 460B69F125B58440008EEE77 /* ShowSaveDataViewController.swift */; };
		4614FE7E25B4796300860DF1 /* ManagementViewController.swift in Sources */ = {isa = PBXBuildFile; fileRef = 4614FE7D25B4796300860DF1 /* ManagementViewController.swift */; };
		4614FE8B25B47B5F00860DF1 /* ImageLoader.swift in Sources */ = {isa = PBXBuildFile; fileRef = 4614FE8A25B47B5F00860DF1 /* ImageLoader.swift */; };
		469AEE9225AD962F006A446D /* GoogleService-Info.plist in Resources */ = {isa = PBXBuildFile; fileRef = 469AEE9125AD962F006A446D /* GoogleService-Info.plist */; };
		469AEE9525AD9812006A446D /* LoginViewController.swift in Sources */ = {isa = PBXBuildFile; fileRef = 469AEE9425AD9812006A446D /* LoginViewController.swift */; };
		469AEEAF25ADC4B9006A446D /* RegisterViewController.swift in Sources */ = {isa = PBXBuildFile; fileRef = 469AEEAE25ADC4B9006A446D /* RegisterViewController.swift */; };
		469AEEC525ADCC7B006A446D /* IQKeyboardManagerSwift in Frameworks */ = {isa = PBXBuildFile; productRef = 469AEEC425ADCC7B006A446D /* IQKeyboardManagerSwift */; };
		469AEEE425ADE0CB006A446D /* MainViewController.swift in Sources */ = {isa = PBXBuildFile; fileRef = 469AEEE325ADE0CB006A446D /* MainViewController.swift */; };
		46A1139A25AD77E3001BAC80 /* AppDelegate.swift in Sources */ = {isa = PBXBuildFile; fileRef = 46A1139925AD77E3001BAC80 /* AppDelegate.swift */; };
		46A1139C25AD77E3001BAC80 /* SceneDelegate.swift in Sources */ = {isa = PBXBuildFile; fileRef = 46A1139B25AD77E3001BAC80 /* SceneDelegate.swift */; };
		46A1139E25AD77E3001BAC80 /* ViewController.swift in Sources */ = {isa = PBXBuildFile; fileRef = 46A1139D25AD77E3001BAC80 /* ViewController.swift */; };
		46A113A125AD77E3001BAC80 /* Main.storyboard in Resources */ = {isa = PBXBuildFile; fileRef = 46A1139F25AD77E3001BAC80 /* Main.storyboard */; };
		46A113A325AD77E9001BAC80 /* Assets.xcassets in Resources */ = {isa = PBXBuildFile; fileRef = 46A113A225AD77E9001BAC80 /* Assets.xcassets */; };
		46A113A625AD77E9001BAC80 /* LaunchScreen.storyboard in Resources */ = {isa = PBXBuildFile; fileRef = 46A113A425AD77E9001BAC80 /* LaunchScreen.storyboard */; };
		46AB71DC25AEEB5F00281C32 /* Const.swift in Sources */ = {isa = PBXBuildFile; fileRef = 46AB71DB25AEEB5F00281C32 /* Const.swift */; };
		46AB71E025AF143900281C32 /* Message.swift in Sources */ = {isa = PBXBuildFile; fileRef = 46AB71DF25AF143900281C32 /* Message.swift */; };
		46AB724B25B072C000281C32 /* LikeMessage.swift in Sources */ = {isa = PBXBuildFile; fileRef = 46AB724A25B072C000281C32 /* LikeMessage.swift */; };
		46AB724F25B07C9200281C32 /* LikeMessageTableViewCell.swift in Sources */ = {isa = PBXBuildFile; fileRef = 46AB724D25B07C9200281C32 /* LikeMessageTableViewCell.swift */; };
		46AB725025B07C9200281C32 /* LikeMessageTableViewCell.xib in Resources */ = {isa = PBXBuildFile; fileRef = 46AB724E25B07C9200281C32 /* LikeMessageTableViewCell.xib */; };
		46B9ED9B25AE8F9F0024E6D4 /* TabBarController.swift in Sources */ = {isa = PBXBuildFile; fileRef = 46B9ED9A25AE8F9F0024E6D4 /* TabBarController.swift */; };
		46B9ED9E25AE9CFB0024E6D4 /* WriteViewController.swift in Sources */ = {isa = PBXBuildFile; fileRef = 46B9ED9D25AE9CFB0024E6D4 /* WriteViewController.swift */; };
		46DF7EB925AED553003A3D0E /* PersonalInfoViewController.swift in Sources */ = {isa = PBXBuildFile; fileRef = 46DF7EB825AED553003A3D0E /* PersonalInfoViewController.swift */; };
		48C6FBF3B5C77D1B23A21CA9 /* Pods_ODayOWhite.framework in Frameworks */ = {isa = PBXBuildFile; fileRef = F175D686EA69E8DABB0EA290 /* Pods_ODayOWhite.framework */; };
/* End PBXBuildFile section */

/* Begin PBXFileReference section */
		13D95A4A17E9041E0FD91311 /* Pods-ODayOWhite.debug.xcconfig */ = {isa = PBXFileReference; includeInIndex = 1; lastKnownFileType = text.xcconfig; name = "Pods-ODayOWhite.debug.xcconfig"; path = "Target Support Files/Pods-ODayOWhite/Pods-ODayOWhite.debug.xcconfig"; sourceTree = "<group>"; };
		1C04D9533BBD44DD93F258F2 /* Pods-ODayOWhite.release.xcconfig */ = {isa = PBXFileReference; includeInIndex = 1; lastKnownFileType = text.xcconfig; name = "Pods-ODayOWhite.release.xcconfig"; path = "Target Support Files/Pods-ODayOWhite/Pods-ODayOWhite.release.xcconfig"; sourceTree = "<group>"; };
		460408A225AD7E5D007C618C /* MessageCell.swift */ = {isa = PBXFileReference; lastKnownFileType = sourcecode.swift; path = MessageCell.swift; sourceTree = "<group>"; };
		460408A325AD7E5D007C618C /* MessageCell.xib */ = {isa = PBXFileReference; lastKnownFileType = file.xib; path = MessageCell.xib; sourceTree = "<group>"; };
		460408A825AD7FB0007C618C /* MapoGoldenPier.ttf */ = {isa = PBXFileReference; lastKnownFileType = file; path = MapoGoldenPier.ttf; sourceTree = "<group>"; };
		460B69F125B58440008EEE77 /* ShowSaveDataViewController.swift */ = {isa = PBXFileReference; lastKnownFileType = sourcecode.swift; path = ShowSaveDataViewController.swift; sourceTree = "<group>"; };
		4614FE7D25B4796300860DF1 /* ManagementViewController.swift */ = {isa = PBXFileReference; lastKnownFileType = sourcecode.swift; path = ManagementViewController.swift; sourceTree = "<group>"; };
		4614FE8A25B47B5F00860DF1 /* ImageLoader.swift */ = {isa = PBXFileReference; lastKnownFileType = sourcecode.swift; name = ImageLoader.swift; path = /Users/dev.geeyong/ODayOWhite/ODayOWhite/Controller/ImageLoader.swift; sourceTree = "<absolute>"; };
		469AEE9125AD962F006A446D /* GoogleService-Info.plist */ = {isa = PBXFileReference; fileEncoding = 4; lastKnownFileType = text.plist.xml; path = "GoogleService-Info.plist"; sourceTree = "<group>"; };
		469AEE9425AD9812006A446D /* LoginViewController.swift */ = {isa = PBXFileReference; lastKnownFileType = sourcecode.swift; path = LoginViewController.swift; sourceTree = "<group>"; };
		469AEEAE25ADC4B9006A446D /* RegisterViewController.swift */ = {isa = PBXFileReference; fileEncoding = 4; lastKnownFileType = sourcecode.swift; path = RegisterViewController.swift; sourceTree = "<group>"; };
		469AEEE325ADE0CB006A446D /* MainViewController.swift */ = {isa = PBXFileReference; lastKnownFileType = sourcecode.swift; path = MainViewController.swift; sourceTree = "<group>"; };
		46A1139625AD77E3001BAC80 /* ODayOWhite.app */ = {isa = PBXFileReference; explicitFileType = wrapper.application; includeInIndex = 0; path = ODayOWhite.app; sourceTree = BUILT_PRODUCTS_DIR; };
		46A1139925AD77E3001BAC80 /* AppDelegate.swift */ = {isa = PBXFileReference; lastKnownFileType = sourcecode.swift; path = AppDelegate.swift; sourceTree = "<group>"; };
		46A1139B25AD77E3001BAC80 /* SceneDelegate.swift */ = {isa = PBXFileReference; lastKnownFileType = sourcecode.swift; path = SceneDelegate.swift; sourceTree = "<group>"; };
		46A1139D25AD77E3001BAC80 /* ViewController.swift */ = {isa = PBXFileReference; lastKnownFileType = sourcecode.swift; path = ViewController.swift; sourceTree = "<group>"; };
		46A113A025AD77E3001BAC80 /* Base */ = {isa = PBXFileReference; lastKnownFileType = file.storyboard; name = Base; path = Base.lproj/Main.storyboard; sourceTree = "<group>"; };
		46A113A225AD77E9001BAC80 /* Assets.xcassets */ = {isa = PBXFileReference; lastKnownFileType = folder.assetcatalog; path = Assets.xcassets; sourceTree = "<group>"; };
		46A113A525AD77E9001BAC80 /* Base */ = {isa = PBXFileReference; lastKnownFileType = file.storyboard; name = Base; path = Base.lproj/LaunchScreen.storyboard; sourceTree = "<group>"; };
		46A113A725AD77E9001BAC80 /* Info.plist */ = {isa = PBXFileReference; lastKnownFileType = text.plist.xml; path = Info.plist; sourceTree = "<group>"; };
		46AB71DB25AEEB5F00281C32 /* Const.swift */ = {isa = PBXFileReference; lastKnownFileType = sourcecode.swift; path = Const.swift; sourceTree = "<group>"; };
		46AB71DF25AF143900281C32 /* Message.swift */ = {isa = PBXFileReference; lastKnownFileType = sourcecode.swift; path = Message.swift; sourceTree = "<group>"; };
		46AB724A25B072C000281C32 /* LikeMessage.swift */ = {isa = PBXFileReference; lastKnownFileType = sourcecode.swift; path = LikeMessage.swift; sourceTree = "<group>"; };
		46AB724D25B07C9200281C32 /* LikeMessageTableViewCell.swift */ = {isa = PBXFileReference; lastKnownFileType = sourcecode.swift; path = LikeMessageTableViewCell.swift; sourceTree = "<group>"; };
		46AB724E25B07C9200281C32 /* LikeMessageTableViewCell.xib */ = {isa = PBXFileReference; lastKnownFileType = file.xib; path = LikeMessageTableViewCell.xib; sourceTree = "<group>"; };
		46B9ED9A25AE8F9F0024E6D4 /* TabBarController.swift */ = {isa = PBXFileReference; lastKnownFileType = sourcecode.swift; path = TabBarController.swift; sourceTree = "<group>"; };
		46B9ED9D25AE9CFB0024E6D4 /* WriteViewController.swift */ = {isa = PBXFileReference; lastKnownFileType = sourcecode.swift; path = WriteViewController.swift; sourceTree = "<group>"; };
		46DF7EB825AED553003A3D0E /* PersonalInfoViewController.swift */ = {isa = PBXFileReference; lastKnownFileType = sourcecode.swift; path = PersonalInfoViewController.swift; sourceTree = "<group>"; };
		F175D686EA69E8DABB0EA290 /* Pods_ODayOWhite.framework */ = {isa = PBXFileReference; explicitFileType = wrapper.framework; includeInIndex = 0; path = Pods_ODayOWhite.framework; sourceTree = BUILT_PRODUCTS_DIR; };
/* End PBXFileReference section */

/* Begin PBXFrameworksBuildPhase section */
		46A1139325AD77E3001BAC80 /* Frameworks */ = {
			isa = PBXFrameworksBuildPhase;
			buildActionMask = 2147483647;
			files = (
				48C6FBF3B5C77D1B23A21CA9 /* Pods_ODayOWhite.framework in Frameworks */,
				469AEEC525ADCC7B006A446D /* IQKeyboardManagerSwift in Frameworks */,
			);
			runOnlyForDeploymentPostprocessing = 0;
		};
/* End PBXFrameworksBuildPhase section */

/* Begin PBXGroup section */
		4426732339461A0689AA1CEB /* Frameworks */ = {
			isa = PBXGroup;
			children = (
				F175D686EA69E8DABB0EA290 /* Pods_ODayOWhite.framework */,
			);
			name = Frameworks;
			sourceTree = "<group>";
		};
		460408A725AD7F4D007C618C /* Font */ = {
			isa = PBXGroup;
			children = (
				460408A825AD7FB0007C618C /* MapoGoldenPier.ttf */,
			);
			path = Font;
			sourceTree = "<group>";
		};
		4614FE8125B47A6800860DF1 /* Model */ = {
			isa = PBXGroup;
			children = (
				46AB724A25B072C000281C32 /* LikeMessage.swift */,
				46AB71DF25AF143900281C32 /* Message.swift */,
				46AB71DB25AEEB5F00281C32 /* Const.swift */,
			);
			path = Model;
			sourceTree = "<group>";
		};
		4614FE8225B47A7900860DF1 /* Controller */ = {
			isa = PBXGroup;
			children = (
				4614FE8A25B47B5F00860DF1 /* ImageLoader.swift */,
				46A1139D25AD77E3001BAC80 /* ViewController.swift */,
				469AEE9425AD9812006A446D /* LoginViewController.swift */,
				46DF7EB825AED553003A3D0E /* PersonalInfoViewController.swift */,
				469AEEE325ADE0CB006A446D /* MainViewController.swift */,
				4614FE7D25B4796300860DF1 /* ManagementViewController.swift */,
				469AEEAE25ADC4B9006A446D /* RegisterViewController.swift */,
				460B69F125B58440008EEE77 /* ShowSaveDataViewController.swift */,
				46B9ED9D25AE9CFB0024E6D4 /* WriteViewController.swift */,
				46B9ED9A25AE8F9F0024E6D4 /* TabBarController.swift */,
			);
			path = Controller;
			sourceTree = "<group>";
		};
		469AEE9725AD9837006A446D /* View */ = {
			isa = PBXGroup;
			children = (
				46AB724D25B07C9200281C32 /* LikeMessageTableViewCell.swift */,
				460408A225AD7E5D007C618C /* MessageCell.swift */,
				460408A325AD7E5D007C618C /* MessageCell.xib */,
				46AB724E25B07C9200281C32 /* LikeMessageTableViewCell.xib */,
				46A1139F25AD77E3001BAC80 /* Main.storyboard */,
			);
			path = View;
			sourceTree = "<group>";
		};
		46A1138D25AD77E3001BAC80 = {
			isa = PBXGroup;
			children = (
				46A1139825AD77E3001BAC80 /* ODayOWhite */,
				46A1139725AD77E3001BAC80 /* Products */,
				CD3582C727ED833D59290627 /* Pods */,
				4426732339461A0689AA1CEB /* Frameworks */,
			);
			sourceTree = "<group>";
		};
		46A1139725AD77E3001BAC80 /* Products */ = {
			isa = PBXGroup;
			children = (
				46A1139625AD77E3001BAC80 /* ODayOWhite.app */,
			);
			name = Products;
			sourceTree = "<group>";
		};
		46A1139825AD77E3001BAC80 /* ODayOWhite */ = {
			isa = PBXGroup;
			children = (
				460408A725AD7F4D007C618C /* Font */,
				46A1139925AD77E3001BAC80 /* AppDelegate.swift */,
				46A1139B25AD77E3001BAC80 /* SceneDelegate.swift */,
				469AEE9725AD9837006A446D /* View */,
				4614FE8225B47A7900860DF1 /* Controller */,
				4614FE8125B47A6800860DF1 /* Model */,
				46A113A225AD77E9001BAC80 /* Assets.xcassets */,
				46A113A425AD77E9001BAC80 /* LaunchScreen.storyboard */,
				46A113A725AD77E9001BAC80 /* Info.plist */,
				469AEE9125AD962F006A446D /* GoogleService-Info.plist */,
			);
			path = ODayOWhite;
			sourceTree = "<group>";
		};
		CD3582C727ED833D59290627 /* Pods */ = {
			isa = PBXGroup;
			children = (
				13D95A4A17E9041E0FD91311 /* Pods-ODayOWhite.debug.xcconfig */,
				1C04D9533BBD44DD93F258F2 /* Pods-ODayOWhite.release.xcconfig */,
			);
			path = Pods;
			sourceTree = "<group>";
		};
/* End PBXGroup section */

/* Begin PBXNativeTarget section */
		46A1139525AD77E3001BAC80 /* ODayOWhite */ = {
			isa = PBXNativeTarget;
			buildConfigurationList = 46A113AA25AD77E9001BAC80 /* Build configuration list for PBXNativeTarget "ODayOWhite" */;
			buildPhases = (
				B1D90C9AC2BFE22EDA7F50E9 /* [CP] Check Pods Manifest.lock */,
				46A1139225AD77E3001BAC80 /* Sources */,
				46A1139325AD77E3001BAC80 /* Frameworks */,
				46A1139425AD77E3001BAC80 /* Resources */,
				43760E764B6A9CCBCD67A8F9 /* [CP] Embed Pods Frameworks */,
			);
			buildRules = (
			);
			dependencies = (
			);
			name = ODayOWhite;
			packageProductDependencies = (
				469AEEC425ADCC7B006A446D /* IQKeyboardManagerSwift */,
			);
			productName = ODayOWhite;
			productReference = 46A1139625AD77E3001BAC80 /* ODayOWhite.app */;
			productType = "com.apple.product-type.application";
		};
/* End PBXNativeTarget section */

/* Begin PBXProject section */
		46A1138E25AD77E3001BAC80 /* Project object */ = {
			isa = PBXProject;
			attributes = {
				LastSwiftUpdateCheck = 1220;
				LastUpgradeCheck = 1220;
				TargetAttributes = {
					46A1139525AD77E3001BAC80 = {
						CreatedOnToolsVersion = 12.2;
					};
				};
			};
			buildConfigurationList = 46A1139125AD77E3001BAC80 /* Build configuration list for PBXProject "ODayOWhite" */;
			compatibilityVersion = "Xcode 9.3";
			developmentRegion = en;
			hasScannedForEncodings = 0;
			knownRegions = (
				en,
				Base,
			);
			mainGroup = 46A1138D25AD77E3001BAC80;
			packageReferences = (
				469AEEC325ADCC7B006A446D /* XCRemoteSwiftPackageReference "IQKeyboardManager" */,
			);
			productRefGroup = 46A1139725AD77E3001BAC80 /* Products */;
			projectDirPath = "";
			projectRoot = "";
			targets = (
				46A1139525AD77E3001BAC80 /* ODayOWhite */,
			);
		};
/* End PBXProject section */

/* Begin PBXResourcesBuildPhase section */
		46A1139425AD77E3001BAC80 /* Resources */ = {
			isa = PBXResourcesBuildPhase;
			buildActionMask = 2147483647;
			files = (
				46A113A625AD77E9001BAC80 /* LaunchScreen.storyboard in Resources */,
				460408A525AD7E5D007C618C /* MessageCell.xib in Resources */,
				460408A925AD7FB0007C618C /* MapoGoldenPier.ttf in Resources */,
				46A113A325AD77E9001BAC80 /* Assets.xcassets in Resources */,
				46A113A125AD77E3001BAC80 /* Main.storyboard in Resources */,
				469AEE9225AD962F006A446D /* GoogleService-Info.plist in Resources */,
				46AB725025B07C9200281C32 /* LikeMessageTableViewCell.xib in Resources */,
			);
			runOnlyForDeploymentPostprocessing = 0;
		};
/* End PBXResourcesBuildPhase section */

/* Begin PBXShellScriptBuildPhase section */
		43760E764B6A9CCBCD67A8F9 /* [CP] Embed Pods Frameworks */ = {
			isa = PBXShellScriptBuildPhase;
			buildActionMask = 2147483647;
			files = (
			);
			inputFileListPaths = (
				"${PODS_ROOT}/Target Support Files/Pods-ODayOWhite/Pods-ODayOWhite-frameworks-${CONFIGURATION}-input-files.xcfilelist",
			);
			name = "[CP] Embed Pods Frameworks";
			outputFileListPaths = (
				"${PODS_ROOT}/Target Support Files/Pods-ODayOWhite/Pods-ODayOWhite-frameworks-${CONFIGURATION}-output-files.xcfilelist",
			);
			runOnlyForDeploymentPostprocessing = 0;
			shellPath = /bin/sh;
			shellScript = "\"${PODS_ROOT}/Target Support Files/Pods-ODayOWhite/Pods-ODayOWhite-frameworks.sh\"\n";
			showEnvVarsInLog = 0;
		};
		B1D90C9AC2BFE22EDA7F50E9 /* [CP] Check Pods Manifest.lock */ = {
			isa = PBXShellScriptBuildPhase;
			buildActionMask = 2147483647;
			files = (
			);
			inputFileListPaths = (
			);
			inputPaths = (
				"${PODS_PODFILE_DIR_PATH}/Podfile.lock",
				"${PODS_ROOT}/Manifest.lock",
			);
			name = "[CP] Check Pods Manifest.lock";
			outputFileListPaths = (
			);
			outputPaths = (
				"$(DERIVED_FILE_DIR)/Pods-ODayOWhite-checkManifestLockResult.txt",
			);
			runOnlyForDeploymentPostprocessing = 0;
			shellPath = /bin/sh;
			shellScript = "diff \"${PODS_PODFILE_DIR_PATH}/Podfile.lock\" \"${PODS_ROOT}/Manifest.lock\" > /dev/null\nif [ $? != 0 ] ; then\n    # print error to STDERR\n    echo \"error: The sandbox is not in sync with the Podfile.lock. Run 'pod install' or update your CocoaPods installation.\" >&2\n    exit 1\nfi\n# This output is used by Xcode 'outputs' to avoid re-running this script phase.\necho \"SUCCESS\" > \"${SCRIPT_OUTPUT_FILE_0}\"\n";
			showEnvVarsInLog = 0;
		};
/* End PBXShellScriptBuildPhase section */

/* Begin PBXSourcesBuildPhase section */
		46A1139225AD77E3001BAC80 /* Sources */ = {
			isa = PBXSourcesBuildPhase;
			buildActionMask = 2147483647;
			files = (
				46AB724B25B072C000281C32 /* LikeMessage.swift in Sources */,
				46AB724F25B07C9200281C32 /* LikeMessageTableViewCell.swift in Sources */,
				469AEE9525AD9812006A446D /* LoginViewController.swift in Sources */,
				46A1139E25AD77E3001BAC80 /* ViewController.swift in Sources */,
				469AEEAF25ADC4B9006A446D /* RegisterViewController.swift in Sources */,
				46B9ED9B25AE8F9F0024E6D4 /* TabBarController.swift in Sources */,
				460408A425AD7E5D007C618C /* MessageCell.swift in Sources */,
				46AB71DC25AEEB5F00281C32 /* Const.swift in Sources */,
				46DF7EB925AED553003A3D0E /* PersonalInfoViewController.swift in Sources */,
				46A1139A25AD77E3001BAC80 /* AppDelegate.swift in Sources */,
				46A1139C25AD77E3001BAC80 /* SceneDelegate.swift in Sources */,
				4614FE7E25B4796300860DF1 /* ManagementViewController.swift in Sources */,
				46AB71E025AF143900281C32 /* Message.swift in Sources */,
				4614FE8B25B47B5F00860DF1 /* ImageLoader.swift in Sources */,
				460B69F225B58440008EEE77 /* ShowSaveDataViewController.swift in Sources */,
				46B9ED9E25AE9CFB0024E6D4 /* WriteViewController.swift in Sources */,
				469AEEE425ADE0CB006A446D /* MainViewController.swift in Sources */,
			);
			runOnlyForDeploymentPostprocessing = 0;
		};
/* End PBXSourcesBuildPhase section */

/* Begin PBXVariantGroup section */
		46A1139F25AD77E3001BAC80 /* Main.storyboard */ = {
			isa = PBXVariantGroup;
			children = (
				46A113A025AD77E3001BAC80 /* Base */,
			);
			name = Main.storyboard;
			sourceTree = "<group>";
		};
		46A113A425AD77E9001BAC80 /* LaunchScreen.storyboard */ = {
			isa = PBXVariantGroup;
			children = (
				46A113A525AD77E9001BAC80 /* Base */,
			);
			name = LaunchScreen.storyboard;
			sourceTree = "<group>";
		};
/* End PBXVariantGroup section */

/* Begin XCBuildConfiguration section */
		46A113A825AD77E9001BAC80 /* Debug */ = {
			isa = XCBuildConfiguration;
			buildSettings = {
				ALWAYS_SEARCH_USER_PATHS = NO;
				CLANG_ANALYZER_NONNULL = YES;
				CLANG_ANALYZER_NUMBER_OBJECT_CONVERSION = YES_AGGRESSIVE;
				CLANG_CXX_LANGUAGE_STANDARD = "gnu++14";
				CLANG_CXX_LIBRARY = "libc++";
				CLANG_ENABLE_MODULES = YES;
				CLANG_ENABLE_OBJC_ARC = YES;
				CLANG_ENABLE_OBJC_WEAK = YES;
				CLANG_WARN_BLOCK_CAPTURE_AUTORELEASING = YES;
				CLANG_WARN_BOOL_CONVERSION = YES;
				CLANG_WARN_COMMA = YES;
				CLANG_WARN_CONSTANT_CONVERSION = YES;
				CLANG_WARN_DEPRECATED_OBJC_IMPLEMENTATIONS = YES;
				CLANG_WARN_DIRECT_OBJC_ISA_USAGE = YES_ERROR;
				CLANG_WARN_DOCUMENTATION_COMMENTS = YES;
				CLANG_WARN_EMPTY_BODY = YES;
				CLANG_WARN_ENUM_CONVERSION = YES;
				CLANG_WARN_INFINITE_RECURSION = YES;
				CLANG_WARN_INT_CONVERSION = YES;
				CLANG_WARN_NON_LITERAL_NULL_CONVERSION = YES;
				CLANG_WARN_OBJC_IMPLICIT_RETAIN_SELF = YES;
				CLANG_WARN_OBJC_LITERAL_CONVERSION = YES;
				CLANG_WARN_OBJC_ROOT_CLASS = YES_ERROR;
				CLANG_WARN_QUOTED_INCLUDE_IN_FRAMEWORK_HEADER = YES;
				CLANG_WARN_RANGE_LOOP_ANALYSIS = YES;
				CLANG_WARN_STRICT_PROTOTYPES = YES;
				CLANG_WARN_SUSPICIOUS_MOVE = YES;
				CLANG_WARN_UNGUARDED_AVAILABILITY = YES_AGGRESSIVE;
				CLANG_WARN_UNREACHABLE_CODE = YES;
				CLANG_WARN__DUPLICATE_METHOD_MATCH = YES;
				COPY_PHASE_STRIP = NO;
				DEBUG_INFORMATION_FORMAT = dwarf;
				ENABLE_STRICT_OBJC_MSGSEND = YES;
				ENABLE_TESTABILITY = YES;
				GCC_C_LANGUAGE_STANDARD = gnu11;
				GCC_DYNAMIC_NO_PIC = NO;
				GCC_NO_COMMON_BLOCKS = YES;
				GCC_OPTIMIZATION_LEVEL = 0;
				GCC_PREPROCESSOR_DEFINITIONS = (
					"DEBUG=1",
					"$(inherited)",
				);
				GCC_WARN_64_TO_32_BIT_CONVERSION = YES;
				GCC_WARN_ABOUT_RETURN_TYPE = YES_ERROR;
				GCC_WARN_UNDECLARED_SELECTOR = YES;
				GCC_WARN_UNINITIALIZED_AUTOS = YES_AGGRESSIVE;
				GCC_WARN_UNUSED_FUNCTION = YES;
				GCC_WARN_UNUSED_VARIABLE = YES;
				IPHONEOS_DEPLOYMENT_TARGET = 14.2;
				MTL_ENABLE_DEBUG_INFO = INCLUDE_SOURCE;
				MTL_FAST_MATH = YES;
				ONLY_ACTIVE_ARCH = YES;
				SDKROOT = iphoneos;
				SWIFT_ACTIVE_COMPILATION_CONDITIONS = DEBUG;
				SWIFT_OPTIMIZATION_LEVEL = "-Onone";
			};
			name = Debug;
		};
		46A113A925AD77E9001BAC80 /* Release */ = {
			isa = XCBuildConfiguration;
			buildSettings = {
				ALWAYS_SEARCH_USER_PATHS = NO;
				CLANG_ANALYZER_NONNULL = YES;
				CLANG_ANALYZER_NUMBER_OBJECT_CONVERSION = YES_AGGRESSIVE;
				CLANG_CXX_LANGUAGE_STANDARD = "gnu++14";
				CLANG_CXX_LIBRARY = "libc++";
				CLANG_ENABLE_MODULES = YES;
				CLANG_ENABLE_OBJC_ARC = YES;
				CLANG_ENABLE_OBJC_WEAK = YES;
				CLANG_WARN_BLOCK_CAPTURE_AUTORELEASING = YES;
				CLANG_WARN_BOOL_CONVERSION = YES;
				CLANG_WARN_COMMA = YES;
				CLANG_WARN_CONSTANT_CONVERSION = YES;
				CLANG_WARN_DEPRECATED_OBJC_IMPLEMENTATIONS = YES;
				CLANG_WARN_DIRECT_OBJC_ISA_USAGE = YES_ERROR;
				CLANG_WARN_DOCUMENTATION_COMMENTS = YES;
				CLANG_WARN_EMPTY_BODY = YES;
				CLANG_WARN_ENUM_CONVERSION = YES;
				CLANG_WARN_INFINITE_RECURSION = YES;
				CLANG_WARN_INT_CONVERSION = YES;
				CLANG_WARN_NON_LITERAL_NULL_CONVERSION = YES;
				CLANG_WARN_OBJC_IMPLICIT_RETAIN_SELF = YES;
				CLANG_WARN_OBJC_LITERAL_CONVERSION = YES;
				CLANG_WARN_OBJC_ROOT_CLASS = YES_ERROR;
				CLANG_WARN_QUOTED_INCLUDE_IN_FRAMEWORK_HEADER = YES;
				CLANG_WARN_RANGE_LOOP_ANALYSIS = YES;
				CLANG_WARN_STRICT_PROTOTYPES = YES;
				CLANG_WARN_SUSPICIOUS_MOVE = YES;
				CLANG_WARN_UNGUARDED_AVAILABILITY = YES_AGGRESSIVE;
				CLANG_WARN_UNREACHABLE_CODE = YES;
				CLANG_WARN__DUPLICATE_METHOD_MATCH = YES;
				COPY_PHASE_STRIP = NO;
				DEBUG_INFORMATION_FORMAT = "dwarf-with-dsym";
				ENABLE_NS_ASSERTIONS = NO;
				ENABLE_STRICT_OBJC_MSGSEND = YES;
				GCC_C_LANGUAGE_STANDARD = gnu11;
				GCC_NO_COMMON_BLOCKS = YES;
				GCC_WARN_64_TO_32_BIT_CONVERSION = YES;
				GCC_WARN_ABOUT_RETURN_TYPE = YES_ERROR;
				GCC_WARN_UNDECLARED_SELECTOR = YES;
				GCC_WARN_UNINITIALIZED_AUTOS = YES_AGGRESSIVE;
				GCC_WARN_UNUSED_FUNCTION = YES;
				GCC_WARN_UNUSED_VARIABLE = YES;
				IPHONEOS_DEPLOYMENT_TARGET = 14.2;
				MTL_ENABLE_DEBUG_INFO = NO;
				MTL_FAST_MATH = YES;
				SDKROOT = iphoneos;
				SWIFT_COMPILATION_MODE = wholemodule;
				SWIFT_OPTIMIZATION_LEVEL = "-O";
				VALIDATE_PRODUCT = YES;
			};
			name = Release;
		};
		46A113AB25AD77E9001BAC80 /* Debug */ = {
			isa = XCBuildConfiguration;
			baseConfigurationReference = 13D95A4A17E9041E0FD91311 /* Pods-ODayOWhite.debug.xcconfig */;
			buildSettings = {
				ASSETCATALOG_COMPILER_APPICON_NAME = AppIcon;
				ASSETCATALOG_COMPILER_GLOBAL_ACCENT_COLOR_NAME = AccentColor;
				CODE_SIGN_IDENTITY = "Apple Development";
				CODE_SIGN_STYLE = Automatic;
				DEVELOPMENT_TEAM = TR28HNY8VK;
				INFOPLIST_FILE = ODayOWhite/Info.plist;
				LD_RUNPATH_SEARCH_PATHS = (
					"$(inherited)",
					"@executable_path/Frameworks",
				);
				PRODUCT_BUNDLE_IDENTIFIER = "co.devgeeyong.Flash-Chat-iOS13";
				PRODUCT_NAME = "$(TARGET_NAME)";
				PROVISIONING_PROFILE_SPECIFIER = "";
				SWIFT_VERSION = 5.0;
				TARGETED_DEVICE_FAMILY = 1;
			};
			name = Debug;
		};
		46A113AC25AD77E9001BAC80 /* Release */ = {
			isa = XCBuildConfiguration;
			baseConfigurationReference = 1C04D9533BBD44DD93F258F2 /* Pods-ODayOWhite.release.xcconfig */;
			buildSettings = {
				ASSETCATALOG_COMPILER_APPICON_NAME = AppIcon;
				ASSETCATALOG_COMPILER_GLOBAL_ACCENT_COLOR_NAME = AccentColor;
				CODE_SIGN_IDENTITY = "Apple Development";
				CODE_SIGN_STYLE = Automatic;
				DEVELOPMENT_TEAM = TR28HNY8VK;
				INFOPLIST_FILE = ODayOWhite/Info.plist;
				LD_RUNPATH_SEARCH_PATHS = (
					"$(inherited)",
					"@executable_path/Frameworks",
				);
				PRODUCT_BUNDLE_IDENTIFIER = "co.devgeeyong.Flash-Chat-iOS13";
				PRODUCT_NAME = "$(TARGET_NAME)";
				PROVISIONING_PROFILE_SPECIFIER = "";
				SWIFT_VERSION = 5.0;
				TARGETED_DEVICE_FAMILY = 1;
			};
			name = Release;
		};
/* End XCBuildConfiguration section */

/* Begin XCConfigurationList section */
		46A1139125AD77E3001BAC80 /* Build configuration list for PBXProject "ODayOWhite" */ = {
			isa = XCConfigurationList;
			buildConfigurations = (
				46A113A825AD77E9001BAC80 /* Debug */,
				46A113A925AD77E9001BAC80 /* Release */,
			);
			defaultConfigurationIsVisible = 0;
			defaultConfigurationName = Release;
		};
		46A113AA25AD77E9001BAC80 /* Build configuration list for PBXNativeTarget "ODayOWhite" */ = {
			isa = XCConfigurationList;
			buildConfigurations = (
				46A113AB25AD77E9001BAC80 /* Debug */,
				46A113AC25AD77E9001BAC80 /* Release */,
			);
			defaultConfigurationIsVisible = 0;
			defaultConfigurationName = Release;
		};
/* End XCConfigurationList section */

/* Begin XCRemoteSwiftPackageReference section */
		469AEEC325ADCC7B006A446D /* XCRemoteSwiftPackageReference "IQKeyboardManager" */ = {
			isa = XCRemoteSwiftPackageReference;
			repositoryURL = "https://github.com/hackiftekhar/IQKeyboardManager";
			requirement = {
				kind = upToNextMajorVersion;
				minimumVersion = 6.5.6;
			};
		};
/* End XCRemoteSwiftPackageReference section */

/* Begin XCSwiftPackageProductDependency section */
		469AEEC425ADCC7B006A446D /* IQKeyboardManagerSwift */ = {
			isa = XCSwiftPackageProductDependency;
			package = 469AEEC325ADCC7B006A446D /* XCRemoteSwiftPackageReference "IQKeyboardManager" */;
			productName = IQKeyboardManagerSwift;
		};
/* End XCSwiftPackageProductDependency section */
	};
	rootObject = 46A1138E25AD77E3001BAC80 /* Project object */;
}
